
Microsoft Visual Studio Solution File, Format Version 12.00
# Visual Studio Version 17
VisualStudioVersion = 17.0.31808.319
MinimumVisualStudioVersion = 10.0.40219.1
Project("{9A19103F-16F7-4668-BE54-9A1E7A4F7556}") = "MiniToDo", "MiniToDo.csproj", "{FDF0930F-F4A1-4AFF-A5BF-D5A334C0A06D}"
EndProject
Global
	GlobalSection(SolutionConfigurationPlatforms) = preSolution
		Debug|Any CPU = Debug|Any CPU
		Release|Any CPU = Release|Any CPU
	EndGlobalSection
	GlobalSection(ProjectConfigurationPlatforms) = postSolution
		{FDF0930F-F4A1-4AFF-A5BF-D5A334C0A06D}.Debug|Any CPU.ActiveCfg = Debug|Any CPU
		{FDF0930F-F4A1-4AFF-A5BF-D5A334C0A06D}.Debug|Any CPU.Build.0 = Debug|Any CPU
		{FDF0930F-F4A1-4AFF-A5BF-D5A334C0A06D}.Release|Any CPU.ActiveCfg = Release|Any CPU
		{FDF0930F-F4A1-4AFF-A5BF-D5A334C0A06D}.Release|Any CPU.Build.0 = Release|Any CPU
	EndGlobalSection
	GlobalSection(SolutionProperties) = preSolution
		HideSolutionNode = FALSE
	EndGlobalSection
	GlobalSection(ExtensibilityGlobals) = postSolution
		SolutionGuid = {AFCDBD8C-361D-40F1-8794-CB98C9242EEC}
	EndGlobalSection
EndGlobal
